
Microsoft Visual Studio Solution File, Format Version 12.00
# Visual Studio 15
VisualStudioVersion = 15.0.28010.2016
MinimumVisualStudioVersion = 10.0.40219.1
Project("{9A19103F-16F7-4668-BE54-9A1E7A4F7556}") = "Unlockmind.GrayscaleReader", "Unlockmind.GreyscaleReader\Unlockmind.GrayscaleReader.csproj", "{B0D491C0-38D8-4772-B297-C17CEEDD2949}"
EndProject
Global
	GlobalSection(SolutionConfigurationPlatforms) = preSolution
		Debug|Any CPU = Debug|Any CPU
		Release|Any CPU = Release|Any CPU
	EndGlobalSection
	GlobalSection(ProjectConfigurationPlatforms) = postSolution
		{B0D491C0-38D8-4772-B297-C17CEEDD2949}.Debug|Any CPU.ActiveCfg = Debug|Any CPU
		{B0D491C0-38D8-4772-B297-C17CEEDD2949}.Debug|Any CPU.Build.0 = Debug|Any CPU
		{B0D491C0-38D8-4772-B297-C17CEEDD2949}.Release|Any CPU.ActiveCfg = Release|Any CPU
		{B0D491C0-38D8-4772-B297-C17CEEDD2949}.Release|Any CPU.Build.0 = Release|Any CPU
	EndGlobalSection
	GlobalSection(SolutionProperties) = preSolution
		HideSolutionNode = FALSE
	EndGlobalSection
	GlobalSection(ExtensibilityGlobals) = postSolution
		SolutionGuid = {37FDA8A0-5360-4D9A-9BFC-EA36A921A011}
	EndGlobalSection
EndGlobal
